
Microsoft Visual Studio Solution File, Format Version 12.00
Project("{FAE04EC0-301F-11D3-BF4B-00C04F79EFBC}") = "WatchPeopleDie.tv", "WatchPeopleDie.tv\WatchPeopleDie.tv.csproj", "{B0FFFBAD-6491-4735-ABBC-A32C0C47FEFB}"
EndProject
Global
	GlobalSection(SolutionConfigurationPlatforms) = preSolution
		Debug|Any CPU = Debug|Any CPU
		Release|Any CPU = Release|Any CPU
	EndGlobalSection
	GlobalSection(ProjectConfigurationPlatforms) = postSolution
		{B0FFFBAD-6491-4735-ABBC-A32C0C47FEFB}.Debug|Any CPU.ActiveCfg = Debug|Any CPU
		{B0FFFBAD-6491-4735-ABBC-A32C0C47FEFB}.Debug|Any CPU.Build.0 = Debug|Any CPU
		{B0FFFBAD-6491-4735-ABBC-A32C0C47FEFB}.Release|Any CPU.ActiveCfg = Release|Any CPU
		{B0FFFBAD-6491-4735-ABBC-A32C0C47FEFB}.Release|Any CPU.Build.0 = Release|Any CPU
	EndGlobalSection
EndGlobal
